// !$*UTF8*$!
{
	archiveVersion = 1;
	classes = {
	};
	objectVersion = 56;
	objects = {

/* Begin PBXBuildFile section */
		37103CEA2A1CFFE5007E8F95 /* AppDelegate.swift in Sources */ = {isa = PBXBuildFile; fileRef = 37103CE92A1CFFE5007E8F95 /* AppDelegate.swift */; };
		37103CEE2A1CFFE5007E8F95 /* LoginViewController.swift in Sources */ = {isa = PBXBuildFile; fileRef = 37103CED2A1CFFE5007E8F95 /* LoginViewController.swift */; };
		37103CF32A1CFFE6007E8F95 /* Assets.xcassets in Resources */ = {isa = PBXBuildFile; fileRef = 37103CF22A1CFFE6007E8F95 /* Assets.xcassets */; };
		37103CF62A1CFFE6007E8F95 /* LaunchScreen.storyboard in Resources */ = {isa = PBXBuildFile; fileRef = 37103CF42A1CFFE6007E8F95 /* LaunchScreen.storyboard */; };
		37103D012A1D0388007E8F95 /* LoginView.swift in Sources */ = {isa = PBXBuildFile; fileRef = 37103D002A1D0388007E8F95 /* LoginView.swift */; };
		374ABD512A227757009D1D49 /* OnboardingContainerViewController.swift in Sources */ = {isa = PBXBuildFile; fileRef = 374ABD502A227757009D1D49 /* OnboardingContainerViewController.swift */; };
		374ABD532A227AA8009D1D49 /* OnboardingViewController.swift in Sources */ = {isa = PBXBuildFile; fileRef = 374ABD522A227AA8009D1D49 /* OnboardingViewController.swift */; };
		374ABD552A22F326009D1D49 /* DummyViewController.swift in Sources */ = {isa = PBXBuildFile; fileRef = 374ABD542A22F326009D1D49 /* DummyViewController.swift */; };
		374ABD582A22FA8E009D1D49 /* LocalState.swift in Sources */ = {isa = PBXBuildFile; fileRef = 374ABD572A22FA8E009D1D49 /* LocalState.swift */; };
		374ABD5A2A2309ED009D1D49 /* UIViewController+Utils.swift in Sources */ = {isa = PBXBuildFile; fileRef = 374ABD592A2309ED009D1D49 /* UIViewController+Utils.swift */; };
		374ABD5C2A230B0E009D1D49 /* MainViewController.swift in Sources */ = {isa = PBXBuildFile; fileRef = 374ABD5B2A230B0E009D1D49 /* MainViewController.swift */; };
		376BC4572A258E8C001AD61E /* DecimalUtils.swift in Sources */ = {isa = PBXBuildFile; fileRef = 376BC4562A258E8C001AD61E /* DecimalUtils.swift */; };
		376BC4592A258ED0001AD61E /* CurrencyFormatter.swift in Sources */ = {isa = PBXBuildFile; fileRef = 376BC4582A258ED0001AD61E /* CurrencyFormatter.swift */; };
		376BC4682A259974001AD61E /* CurrencyFormatterTests.swift in Sources */ = {isa = PBXBuildFile; fileRef = 376BC4672A259974001AD61E /* CurrencyFormatterTests.swift */; };
		376BC46A2A26B5C7001AD61E /* NSNotificationName.swift in Sources */ = {isa = PBXBuildFile; fileRef = 376BC4692A26B5C7001AD61E /* NSNotificationName.swift */; };
		376BC46C2A26B8B1001AD61E /* UITextField+SecureToggle.swift in Sources */ = {isa = PBXBuildFile; fileRef = 376BC46B2A26B8B1001AD61E /* UITextField+SecureToggle.swift */; };
		376BC46F2A27C287001AD61E /* ShakeyBellView.swift in Sources */ = {isa = PBXBuildFile; fileRef = 376BC46E2A27C287001AD61E /* ShakeyBellView.swift */; };
		377D0CCF2A23C05C00524EF5 /* AccountSummaryViewController.swift in Sources */ = {isa = PBXBuildFile; fileRef = 377D0CCE2A23C05C00524EF5 /* AccountSummaryViewController.swift */; };
		377D0CD12A23C32E00524EF5 /* AccountSummaryHeaderView.swift in Sources */ = {isa = PBXBuildFile; fileRef = 377D0CD02A23C32E00524EF5 /* AccountSummaryHeaderView.swift */; };
		377D0CD32A23C36400524EF5 /* AccountSummaryHeaderView.xib in Resources */ = {isa = PBXBuildFile; fileRef = 377D0CD22A23C36400524EF5 /* AccountSummaryHeaderView.xib */; };
		377D0CD72A23D8E300524EF5 /* AccountSummaryCell.swift in Sources */ = {isa = PBXBuildFile; fileRef = 377D0CD62A23D8E300524EF5 /* AccountSummaryCell.swift */; };
/* End PBXBuildFile section */

/* Begin PBXContainerItemProxy section */
		376BC4622A2598AF001AD61E /* PBXContainerItemProxy */ = {
			isa = PBXContainerItemProxy;
			containerPortal = 37103CDE2A1CFFE5007E8F95 /* Project object */;
			proxyType = 1;
			remoteGlobalIDString = 37103CE52A1CFFE5007E8F95;
			remoteInfo = myBank;
		};
/* End PBXContainerItemProxy section */

/* Begin PBXFileReference section */
		37103CE62A1CFFE5007E8F95 /* myBank.app */ = {isa = PBXFileReference; explicitFileType = wrapper.application; includeInIndex = 0; path = myBank.app; sourceTree = BUILT_PRODUCTS_DIR; };
		37103CE92A1CFFE5007E8F95 /* AppDelegate.swift */ = {isa = PBXFileReference; lastKnownFileType = sourcecode.swift; path = AppDelegate.swift; sourceTree = "<group>"; };
		37103CED2A1CFFE5007E8F95 /* LoginViewController.swift */ = {isa = PBXFileReference; lastKnownFileType = sourcecode.swift; path = LoginViewController.swift; sourceTree = "<group>"; };
		37103CF22A1CFFE6007E8F95 /* Assets.xcassets */ = {isa = PBXFileReference; lastKnownFileType = folder.assetcatalog; path = Assets.xcassets; sourceTree = "<group>"; };
		37103CF52A1CFFE6007E8F95 /* Base */ = {isa = PBXFileReference; lastKnownFileType = file.storyboard; name = Base; path = Base.lproj/LaunchScreen.storyboard; sourceTree = "<group>"; };
		37103CF72A1CFFE6007E8F95 /* Info.plist */ = {isa = PBXFileReference; lastKnownFileType = text.plist.xml; path = Info.plist; sourceTree = "<group>"; };
		37103D002A1D0388007E8F95 /* LoginView.swift */ = {isa = PBXFileReference; lastKnownFileType = sourcecode.swift; path = LoginView.swift; sourceTree = "<group>"; };
		374ABD502A227757009D1D49 /* OnboardingContainerViewController.swift */ = {isa = PBXFileReference; lastKnownFileType = sourcecode.swift; path = OnboardingContainerViewController.swift; sourceTree = "<group>"; };
		374ABD522A227AA8009D1D49 /* OnboardingViewController.swift */ = {isa = PBXFileReference; lastKnownFileType = sourcecode.swift; path = OnboardingViewController.swift; sourceTree = "<group>"; };
		374ABD542A22F326009D1D49 /* DummyViewController.swift */ = {isa = PBXFileReference; lastKnownFileType = sourcecode.swift; path = DummyViewController.swift; sourceTree = "<group>"; };
		374ABD572A22FA8E009D1D49 /* LocalState.swift */ = {isa = PBXFileReference; lastKnownFileType = sourcecode.swift; path = LocalState.swift; sourceTree = "<group>"; };
		374ABD592A2309ED009D1D49 /* UIViewController+Utils.swift */ = {isa = PBXFileReference; lastKnownFileType = sourcecode.swift; path = "UIViewController+Utils.swift"; sourceTree = "<group>"; };
		374ABD5B2A230B0E009D1D49 /* MainViewController.swift */ = {isa = PBXFileReference; lastKnownFileType = sourcecode.swift; path = MainViewController.swift; sourceTree = "<group>"; };
		376BC4562A258E8C001AD61E /* DecimalUtils.swift */ = {isa = PBXFileReference; lastKnownFileType = sourcecode.swift; path = DecimalUtils.swift; sourceTree = "<group>"; };
		376BC4582A258ED0001AD61E /* CurrencyFormatter.swift */ = {isa = PBXFileReference; lastKnownFileType = sourcecode.swift; path = CurrencyFormatter.swift; sourceTree = "<group>"; };
		376BC45E2A2598AF001AD61E /* myBankUnitTests.xctest */ = {isa = PBXFileReference; explicitFileType = wrapper.cfbundle; includeInIndex = 0; path = myBankUnitTests.xctest; sourceTree = BUILT_PRODUCTS_DIR; };
		376BC4672A259974001AD61E /* CurrencyFormatterTests.swift */ = {isa = PBXFileReference; lastKnownFileType = sourcecode.swift; path = CurrencyFormatterTests.swift; sourceTree = "<group>"; };
		376BC4692A26B5C7001AD61E /* NSNotificationName.swift */ = {isa = PBXFileReference; lastKnownFileType = sourcecode.swift; path = NSNotificationName.swift; sourceTree = "<group>"; };
		376BC46B2A26B8B1001AD61E /* UITextField+SecureToggle.swift */ = {isa = PBXFileReference; lastKnownFileType = sourcecode.swift; path = "UITextField+SecureToggle.swift"; sourceTree = "<group>"; };
		376BC46E2A27C287001AD61E /* ShakeyBellView.swift */ = {isa = PBXFileReference; lastKnownFileType = sourcecode.swift; path = ShakeyBellView.swift; sourceTree = "<group>"; };
		377D0CCE2A23C05C00524EF5 /* AccountSummaryViewController.swift */ = {isa = PBXFileReference; lastKnownFileType = sourcecode.swift; path = AccountSummaryViewController.swift; sourceTree = "<group>"; };
		377D0CD02A23C32E00524EF5 /* AccountSummaryHeaderView.swift */ = {isa = PBXFileReference; lastKnownFileType = sourcecode.swift; path = AccountSummaryHeaderView.swift; sourceTree = "<group>"; };
		377D0CD22A23C36400524EF5 /* AccountSummaryHeaderView.xib */ = {isa = PBXFileReference; lastKnownFileType = file.xib; path = AccountSummaryHeaderView.xib; sourceTree = "<group>"; };
		377D0CD62A23D8E300524EF5 /* AccountSummaryCell.swift */ = {isa = PBXFileReference; lastKnownFileType = sourcecode.swift; path = AccountSummaryCell.swift; sourceTree = "<group>"; };
/* End PBXFileReference section */

/* Begin PBXFrameworksBuildPhase section */
		37103CE32A1CFFE5007E8F95 /* Frameworks */ = {
			isa = PBXFrameworksBuildPhase;
			buildActionMask = 2147483647;
			files = (
			);
			runOnlyForDeploymentPostprocessing = 0;
		};
		376BC45B2A2598AF001AD61E /* Frameworks */ = {
			isa = PBXFrameworksBuildPhase;
			buildActionMask = 2147483647;
			files = (
			);
			runOnlyForDeploymentPostprocessing = 0;
		};
/* End PBXFrameworksBuildPhase section */

/* Begin PBXGroup section */
		37103CDD2A1CFFE5007E8F95 = {
			isa = PBXGroup;
			children = (
				37103CE82A1CFFE5007E8F95 /* myBank */,
				376BC45F2A2598AF001AD61E /* myBankUnitTests */,
				37103CE72A1CFFE5007E8F95 /* Products */,
			);
			sourceTree = "<group>";
		};
		37103CE72A1CFFE5007E8F95 /* Products */ = {
			isa = PBXGroup;
			children = (
				37103CE62A1CFFE5007E8F95 /* myBank.app */,
				376BC45E2A2598AF001AD61E /* myBankUnitTests.xctest */,
			);
			name = Products;
			sourceTree = "<group>";
		};
		37103CE82A1CFFE5007E8F95 /* myBank */ = {
			isa = PBXGroup;
			children = (
				376BC46D2A27C267001AD61E /* Components */,
				37103CE92A1CFFE5007E8F95 /* AppDelegate.swift */,
				374ABD5B2A230B0E009D1D49 /* MainViewController.swift */,
				37103CFF2A1D0327007E8F95 /* Login */,
				374ABD4F2A227648009D1D49 /* Onboarding */,
				377D0CCD2A23C02C00524EF5 /* AccountSummary */,
				374ABD562A22FA6C009D1D49 /* Utils */,
				37103CFD2A1D02B2007E8F95 /* Files */,
			);
			path = myBank;
			sourceTree = "<group>";
		};
		37103CFD2A1D02B2007E8F95 /* Files */ = {
			isa = PBXGroup;
			children = (
				37103CF22A1CFFE6007E8F95 /* Assets.xcassets */,
				37103CF42A1CFFE6007E8F95 /* LaunchScreen.storyboard */,
				37103CF72A1CFFE6007E8F95 /* Info.plist */,
			);
			name = Files;
			sourceTree = "<group>";
		};
		37103CFF2A1D0327007E8F95 /* Login */ = {
			isa = PBXGroup;
			children = (
				37103CED2A1CFFE5007E8F95 /* LoginViewController.swift */,
				37103D002A1D0388007E8F95 /* LoginView.swift */,
				374ABD542A22F326009D1D49 /* DummyViewController.swift */,
			);
			path = Login;
			sourceTree = "<group>";
		};
		374ABD4F2A227648009D1D49 /* Onboarding */ = {
			isa = PBXGroup;
			children = (
				374ABD502A227757009D1D49 /* OnboardingContainerViewController.swift */,
				374ABD522A227AA8009D1D49 /* OnboardingViewController.swift */,
			);
			path = Onboarding;
			sourceTree = "<group>";
		};
		374ABD562A22FA6C009D1D49 /* Utils */ = {
			isa = PBXGroup;
			children = (
				374ABD572A22FA8E009D1D49 /* LocalState.swift */,
				374ABD592A2309ED009D1D49 /* UIViewController+Utils.swift */,
				376BC4562A258E8C001AD61E /* DecimalUtils.swift */,
				376BC4582A258ED0001AD61E /* CurrencyFormatter.swift */,
				376BC4692A26B5C7001AD61E /* NSNotificationName.swift */,
				376BC46B2A26B8B1001AD61E /* UITextField+SecureToggle.swift */,
			);
			path = Utils;
			sourceTree = "<group>";
		};
		376BC45F2A2598AF001AD61E /* myBankUnitTests */ = {
			isa = PBXGroup;
			children = (
				376BC4672A259974001AD61E /* CurrencyFormatterTests.swift */,
			);
			path = myBankUnitTests;
			sourceTree = "<group>";
		};
		376BC46D2A27C267001AD61E /* Components */ = {
			isa = PBXGroup;
			children = (
				376BC46E2A27C287001AD61E /* ShakeyBellView.swift */,
			);
			path = Components;
			sourceTree = "<group>";
		};
		377D0CCD2A23C02C00524EF5 /* AccountSummary */ = {
			isa = PBXGroup;
			children = (
				377D0CD52A23D8A100524EF5 /* Cells */,
				377D0CCE2A23C05C00524EF5 /* AccountSummaryViewController.swift */,
				377D0CD42A23D86E00524EF5 /* Header */,
			);
			path = AccountSummary;
			sourceTree = "<group>";
		};
		377D0CD42A23D86E00524EF5 /* Header */ = {
			isa = PBXGroup;
			children = (
				377D0CD02A23C32E00524EF5 /* AccountSummaryHeaderView.swift */,
				377D0CD22A23C36400524EF5 /* AccountSummaryHeaderView.xib */,
			);
			path = Header;
			sourceTree = "<group>";
		};
		377D0CD52A23D8A100524EF5 /* Cells */ = {
			isa = PBXGroup;
			children = (
				377D0CD62A23D8E300524EF5 /* AccountSummaryCell.swift */,
			);
			path = Cells;
			sourceTree = "<group>";
		};
/* End PBXGroup section */

/* Begin PBXNativeTarget section */
		37103CE52A1CFFE5007E8F95 /* myBank */ = {
			isa = PBXNativeTarget;
			buildConfigurationList = 37103CFA2A1CFFE6007E8F95 /* Build configuration list for PBXNativeTarget "myBank" */;
			buildPhases = (
				37103CE22A1CFFE5007E8F95 /* Sources */,
				37103CE32A1CFFE5007E8F95 /* Frameworks */,
				37103CE42A1CFFE5007E8F95 /* Resources */,
			);
			buildRules = (
			);
			dependencies = (
			);
			name = myBank;
			productName = myBank;
			productReference = 37103CE62A1CFFE5007E8F95 /* myBank.app */;
			productType = "com.apple.product-type.application";
		};
		376BC45D2A2598AF001AD61E /* myBankUnitTests */ = {
			isa = PBXNativeTarget;
			buildConfigurationList = 376BC4642A2598AF001AD61E /* Build configuration list for PBXNativeTarget "myBankUnitTests" */;
			buildPhases = (
				376BC45A2A2598AF001AD61E /* Sources */,
				376BC45B2A2598AF001AD61E /* Frameworks */,
				376BC45C2A2598AF001AD61E /* Resources */,
			);
			buildRules = (
			);
			dependencies = (
				376BC4632A2598AF001AD61E /* PBXTargetDependency */,
			);
			name = myBankUnitTests;
			productName = myBankUnitTests;
			productReference = 376BC45E2A2598AF001AD61E /* myBankUnitTests.xctest */;
			productType = "com.apple.product-type.bundle.unit-test";
		};
/* End PBXNativeTarget section */

/* Begin PBXProject section */
		37103CDE2A1CFFE5007E8F95 /* Project object */ = {
			isa = PBXProject;
			attributes = {
				BuildIndependentTargetsInParallel = 1;
				LastSwiftUpdateCheck = 1430;
				LastUpgradeCheck = 1430;
				TargetAttributes = {
					37103CE52A1CFFE5007E8F95 = {
						CreatedOnToolsVersion = 14.3;
					};
					376BC45D2A2598AF001AD61E = {
						CreatedOnToolsVersion = 14.3;
						LastSwiftMigration = 1430;
						TestTargetID = 37103CE52A1CFFE5007E8F95;
					};
				};
			};
			buildConfigurationList = 37103CE12A1CFFE5007E8F95 /* Build configuration list for PBXProject "myBank" */;
			compatibilityVersion = "Xcode 14.0";
			developmentRegion = en;
			hasScannedForEncodings = 0;
			knownRegions = (
				en,
				Base,
			);
			mainGroup = 37103CDD2A1CFFE5007E8F95;
			productRefGroup = 37103CE72A1CFFE5007E8F95 /* Products */;
			projectDirPath = "";
			projectRoot = "";
			targets = (
				37103CE52A1CFFE5007E8F95 /* myBank */,
				376BC45D2A2598AF001AD61E /* myBankUnitTests */,
			);
		};
/* End PBXProject section */

/* Begin PBXResourcesBuildPhase section */
		37103CE42A1CFFE5007E8F95 /* Resources */ = {
			isa = PBXResourcesBuildPhase;
			buildActionMask = 2147483647;
			files = (
				377D0CD32A23C36400524EF5 /* AccountSummaryHeaderView.xib in Resources */,
				37103CF62A1CFFE6007E8F95 /* LaunchScreen.storyboard in Resources */,
				37103CF32A1CFFE6007E8F95 /* Assets.xcassets in Resources */,
			);
			runOnlyForDeploymentPostprocessing = 0;
		};
		376BC45C2A2598AF001AD61E /* Resources */ = {
			isa = PBXResourcesBuildPhase;
			buildActionMask = 2147483647;
			files = (
			);
			runOnlyForDeploymentPostprocessing = 0;
		};
/* End PBXResourcesBuildPhase section */

/* Begin PBXSourcesBuildPhase section */
		37103CE22A1CFFE5007E8F95 /* Sources */ = {
			isa = PBXSourcesBuildPhase;
			buildActionMask = 2147483647;
			files = (
				374ABD5A2A2309ED009D1D49 /* UIViewController+Utils.swift in Sources */,
				37103D012A1D0388007E8F95 /* LoginView.swift in Sources */,
				374ABD582A22FA8E009D1D49 /* LocalState.swift in Sources */,
				377D0CD12A23C32E00524EF5 /* AccountSummaryHeaderView.swift in Sources */,
				376BC46C2A26B8B1001AD61E /* UITextField+SecureToggle.swift in Sources */,
				374ABD552A22F326009D1D49 /* DummyViewController.swift in Sources */,
				376BC4592A258ED0001AD61E /* CurrencyFormatter.swift in Sources */,
				376BC4572A258E8C001AD61E /* DecimalUtils.swift in Sources */,
				376BC46A2A26B5C7001AD61E /* NSNotificationName.swift in Sources */,
				37103CEE2A1CFFE5007E8F95 /* LoginViewController.swift in Sources */,
				376BC46F2A27C287001AD61E /* ShakeyBellView.swift in Sources */,
				377D0CD72A23D8E300524EF5 /* AccountSummaryCell.swift in Sources */,
				374ABD532A227AA8009D1D49 /* OnboardingViewController.swift in Sources */,
				374ABD5C2A230B0E009D1D49 /* MainViewController.swift in Sources */,
				377D0CCF2A23C05C00524EF5 /* AccountSummaryViewController.swift in Sources */,
				37103CEA2A1CFFE5007E8F95 /* AppDelegate.swift in Sources */,
				374ABD512A227757009D1D49 /* OnboardingContainerViewController.swift in Sources */,
			);
			runOnlyForDeploymentPostprocessing = 0;
		};
		376BC45A2A2598AF001AD61E /* Sources */ = {
			isa = PBXSourcesBuildPhase;
			buildActionMask = 2147483647;
			files = (
				376BC4682A259974001AD61E /* CurrencyFormatterTests.swift in Sources */,
			);
			runOnlyForDeploymentPostprocessing = 0;
		};
/* End PBXSourcesBuildPhase section */

/* Begin PBXTargetDependency section */
		376BC4632A2598AF001AD61E /* PBXTargetDependency */ = {
			isa = PBXTargetDependency;
			target = 37103CE52A1CFFE5007E8F95 /* myBank */;
			targetProxy = 376BC4622A2598AF001AD61E /* PBXContainerItemProxy */;
		};
/* End PBXTargetDependency section */

/* Begin PBXVariantGroup section */
		37103CF42A1CFFE6007E8F95 /* LaunchScreen.storyboard */ = {
			isa = PBXVariantGroup;
			children = (
				37103CF52A1CFFE6007E8F95 /* Base */,
			);
			name = LaunchScreen.storyboard;
			sourceTree = "<group>";
		};
/* End PBXVariantGroup section */

/* Begin XCBuildConfiguration section */
		37103CF82A1CFFE6007E8F95 /* Debug */ = {
			isa = XCBuildConfiguration;
			buildSettings = {
				ALWAYS_SEARCH_USER_PATHS = NO;
				CLANG_ANALYZER_NONNULL = YES;
				CLANG_ANALYZER_NUMBER_OBJECT_CONVERSION = YES_AGGRESSIVE;
				CLANG_CXX_LANGUAGE_STANDARD = "gnu++20";
				CLANG_ENABLE_MODULES = YES;
				CLANG_ENABLE_OBJC_ARC = YES;
				CLANG_ENABLE_OBJC_WEAK = YES;
				CLANG_WARN_BLOCK_CAPTURE_AUTORELEASING = YES;
				CLANG_WARN_BOOL_CONVERSION = YES;
				CLANG_WARN_COMMA = YES;
				CLANG_WARN_CONSTANT_CONVERSION = YES;
				CLANG_WARN_DEPRECATED_OBJC_IMPLEMENTATIONS = YES;
				CLANG_WARN_DIRECT_OBJC_ISA_USAGE = YES_ERROR;
				CLANG_WARN_DOCUMENTATION_COMMENTS = YES;
				CLANG_WARN_EMPTY_BODY = YES;
				CLANG_WARN_ENUM_CONVERSION = YES;
				CLANG_WARN_INFINITE_RECURSION = YES;
				CLANG_WARN_INT_CONVERSION = YES;
				CLANG_WARN_NON_LITERAL_NULL_CONVERSION = YES;
				CLANG_WARN_OBJC_IMPLICIT_RETAIN_SELF = YES;
				CLANG_WARN_OBJC_LITERAL_CONVERSION = YES;
				CLANG_WARN_OBJC_ROOT_CLASS = YES_ERROR;
				CLANG_WARN_QUOTED_INCLUDE_IN_FRAMEWORK_HEADER = YES;
				CLANG_WARN_RANGE_LOOP_ANALYSIS = YES;
				CLANG_WARN_STRICT_PROTOTYPES = YES;
				CLANG_WARN_SUSPICIOUS_MOVE = YES;
				CLANG_WARN_UNGUARDED_AVAILABILITY = YES_AGGRESSIVE;
				CLANG_WARN_UNREACHABLE_CODE = YES;
				CLANG_WARN__DUPLICATE_METHOD_MATCH = YES;
				COPY_PHASE_STRIP = NO;
				DEBUG_INFORMATION_FORMAT = dwarf;
				ENABLE_STRICT_OBJC_MSGSEND = YES;
				ENABLE_TESTABILITY = YES;
				GCC_C_LANGUAGE_STANDARD = gnu11;
				GCC_DYNAMIC_NO_PIC = NO;
				GCC_NO_COMMON_BLOCKS = YES;
				GCC_OPTIMIZATION_LEVEL = 0;
				GCC_PREPROCESSOR_DEFINITIONS = (
					"DEBUG=1",
					"$(inherited)",
				);
				GCC_WARN_64_TO_32_BIT_CONVERSION = YES;
				GCC_WARN_ABOUT_RETURN_TYPE = YES_ERROR;
				GCC_WARN_UNDECLARED_SELECTOR = YES;
				GCC_WARN_UNINITIALIZED_AUTOS = YES_AGGRESSIVE;
				GCC_WARN_UNUSED_FUNCTION = YES;
				GCC_WARN_UNUSED_VARIABLE = YES;
				IPHONEOS_DEPLOYMENT_TARGET = 16.4;
				MTL_ENABLE_DEBUG_INFO = INCLUDE_SOURCE;
				MTL_FAST_MATH = YES;
				ONLY_ACTIVE_ARCH = YES;
				SDKROOT = iphoneos;
				SWIFT_ACTIVE_COMPILATION_CONDITIONS = DEBUG;
				SWIFT_OPTIMIZATION_LEVEL = "-Onone";
			};
			name = Debug;
		};
		37103CF92A1CFFE6007E8F95 /* Release */ = {
			isa = XCBuildConfiguration;
			buildSettings = {
				ALWAYS_SEARCH_USER_PATHS = NO;
				CLANG_ANALYZER_NONNULL = YES;
				CLANG_ANALYZER_NUMBER_OBJECT_CONVERSION = YES_AGGRESSIVE;
				CLANG_CXX_LANGUAGE_STANDARD = "gnu++20";
				CLANG_ENABLE_MODULES = YES;
				CLANG_ENABLE_OBJC_ARC = YES;
				CLANG_ENABLE_OBJC_WEAK = YES;
				CLANG_WARN_BLOCK_CAPTURE_AUTORELEASING = YES;
				CLANG_WARN_BOOL_CONVERSION = YES;
				CLANG_WARN_COMMA = YES;
				CLANG_WARN_CONSTANT_CONVERSION = YES;
				CLANG_WARN_DEPRECATED_OBJC_IMPLEMENTATIONS = YES;
				CLANG_WARN_DIRECT_OBJC_ISA_USAGE = YES_ERROR;
				CLANG_WARN_DOCUMENTATION_COMMENTS = YES;
				CLANG_WARN_EMPTY_BODY = YES;
				CLANG_WARN_ENUM_CONVERSION = YES;
				CLANG_WARN_INFINITE_RECURSION = YES;
				CLANG_WARN_INT_CONVERSION = YES;
				CLANG_WARN_NON_LITERAL_NULL_CONVERSION = YES;
				CLANG_WARN_OBJC_IMPLICIT_RETAIN_SELF = YES;
				CLANG_WARN_OBJC_LITERAL_CONVERSION = YES;
				CLANG_WARN_OBJC_ROOT_CLASS = YES_ERROR;
				CLANG_WARN_QUOTED_INCLUDE_IN_FRAMEWORK_HEADER = YES;
				CLANG_WARN_RANGE_LOOP_ANALYSIS = YES;
				CLANG_WARN_STRICT_PROTOTYPES = YES;
				CLANG_WARN_SUSPICIOUS_MOVE = YES;
				CLANG_WARN_UNGUARDED_AVAILABILITY = YES_AGGRESSIVE;
				CLANG_WARN_UNREACHABLE_CODE = YES;
				CLANG_WARN__DUPLICATE_METHOD_MATCH = YES;
				COPY_PHASE_STRIP = NO;
				DEBUG_INFORMATION_FORMAT = "dwarf-with-dsym";
				ENABLE_NS_ASSERTIONS = NO;
				ENABLE_STRICT_OBJC_MSGSEND = YES;
				GCC_C_LANGUAGE_STANDARD = gnu11;
				GCC_NO_COMMON_BLOCKS = YES;
				GCC_WARN_64_TO_32_BIT_CONVERSION = YES;
				GCC_WARN_ABOUT_RETURN_TYPE = YES_ERROR;
				GCC_WARN_UNDECLARED_SELECTOR = YES;
				GCC_WARN_UNINITIALIZED_AUTOS = YES_AGGRESSIVE;
				GCC_WARN_UNUSED_FUNCTION = YES;
				GCC_WARN_UNUSED_VARIABLE = YES;
				IPHONEOS_DEPLOYMENT_TARGET = 16.4;
				MTL_ENABLE_DEBUG_INFO = NO;
				MTL_FAST_MATH = YES;
				SDKROOT = iphoneos;
				SWIFT_COMPILATION_MODE = wholemodule;
				SWIFT_OPTIMIZATION_LEVEL = "-O";
				VALIDATE_PRODUCT = YES;
			};
			name = Release;
		};
		37103CFB2A1CFFE6007E8F95 /* Debug */ = {
			isa = XCBuildConfiguration;
			buildSettings = {
				ASSETCATALOG_COMPILER_APPICON_NAME = AppIcon;
				ASSETCATALOG_COMPILER_GLOBAL_ACCENT_COLOR_NAME = AccentColor;
				CODE_SIGN_STYLE = Automatic;
				CURRENT_PROJECT_VERSION = 1;
				DEVELOPMENT_TEAM = RLTH2MTG7Z;
				GENERATE_INFOPLIST_FILE = YES;
				INFOPLIST_FILE = myBank/Info.plist;
				INFOPLIST_KEY_UIApplicationSupportsIndirectInputEvents = YES;
				INFOPLIST_KEY_UILaunchStoryboardName = LaunchScreen;
				INFOPLIST_KEY_UISupportedInterfaceOrientations_iPad = "UIInterfaceOrientationPortrait UIInterfaceOrientationPortraitUpsideDown UIInterfaceOrientationLandscapeLeft UIInterfaceOrientationLandscapeRight";
				INFOPLIST_KEY_UISupportedInterfaceOrientations_iPhone = "UIInterfaceOrientationPortrait UIInterfaceOrientationLandscapeLeft UIInterfaceOrientationLandscapeRight";
				LD_RUNPATH_SEARCH_PATHS = (
					"$(inherited)",
					"@executable_path/Frameworks",
				);
				MARKETING_VERSION = 1.0;
				PRODUCT_BUNDLE_IDENTIFIER = winnibear12.myBank;
				PRODUCT_NAME = "$(TARGET_NAME)";
				SWIFT_EMIT_LOC_STRINGS = YES;
				SWIFT_VERSION = 5.0;
				TARGETED_DEVICE_FAMILY = "1,2";
			};
			name = Debug;
		};
		37103CFC2A1CFFE6007E8F95 /* Release */ = {
			isa = XCBuildConfiguration;
			buildSettings = {
				ASSETCATALOG_COMPILER_APPICON_NAME = AppIcon;
				ASSETCATALOG_COMPILER_GLOBAL_ACCENT_COLOR_NAME = AccentColor;
				CODE_SIGN_STYLE = Automatic;
				CURRENT_PROJECT_VERSION = 1;
				DEVELOPMENT_TEAM = RLTH2MTG7Z;
				GENERATE_INFOPLIST_FILE = YES;
				INFOPLIST_FILE = myBank/Info.plist;
				INFOPLIST_KEY_UIApplicationSupportsIndirectInputEvents = YES;
				INFOPLIST_KEY_UILaunchStoryboardName = LaunchScreen;
				INFOPLIST_KEY_UISupportedInterfaceOrientations_iPad = "UIInterfaceOrientationPortrait UIInterfaceOrientationPortraitUpsideDown UIInterfaceOrientationLandscapeLeft UIInterfaceOrientationLandscapeRight";
				INFOPLIST_KEY_UISupportedInterfaceOrientations_iPhone = "UIInterfaceOrientationPortrait UIInterfaceOrientationLandscapeLeft UIInterfaceOrientationLandscapeRight";
				LD_RUNPATH_SEARCH_PATHS = (
					"$(inherited)",
					"@executable_path/Frameworks",
				);
				MARKETING_VERSION = 1.0;
				PRODUCT_BUNDLE_IDENTIFIER = winnibear12.myBank;
				PRODUCT_NAME = "$(TARGET_NAME)";
				SWIFT_EMIT_LOC_STRINGS = YES;
				SWIFT_VERSION = 5.0;
				TARGETED_DEVICE_FAMILY = "1,2";
			};
			name = Release;
		};
		376BC4652A2598AF001AD61E /* Debug */ = {
			isa = XCBuildConfiguration;
			buildSettings = {
				BUNDLE_LOADER = "$(TEST_HOST)";
				CLANG_ENABLE_MODULES = YES;
				CODE_SIGN_STYLE = Automatic;
				CURRENT_PROJECT_VERSION = 1;
				DEVELOPMENT_TEAM = RLTH2MTG7Z;
				GENERATE_INFOPLIST_FILE = YES;
				MARKETING_VERSION = 1.0;
				PRODUCT_BUNDLE_IDENTIFIER = winnibear12.myBankUnitTests;
				PRODUCT_NAME = "$(TARGET_NAME)";
				SWIFT_EMIT_LOC_STRINGS = NO;
				SWIFT_OPTIMIZATION_LEVEL = "-Onone";
				SWIFT_VERSION = 5.0;
				TARGETED_DEVICE_FAMILY = "1,2";
				TEST_HOST = "$(BUILT_PRODUCTS_DIR)/myBank.app/$(BUNDLE_EXECUTABLE_FOLDER_PATH)/myBank";
			};
			name = Debug;
		};
		376BC4662A2598AF001AD61E /* Release */ = {
			isa = XCBuildConfiguration;
			buildSettings = {
				BUNDLE_LOADER = "$(TEST_HOST)";
				CLANG_ENABLE_MODULES = YES;
				CODE_SIGN_STYLE = Automatic;
				CURRENT_PROJECT_VERSION = 1;
				DEVELOPMENT_TEAM = RLTH2MTG7Z;
				GENERATE_INFOPLIST_FILE = YES;
				MARKETING_VERSION = 1.0;
				PRODUCT_BUNDLE_IDENTIFIER = winnibear12.myBankUnitTests;
				PRODUCT_NAME = "$(TARGET_NAME)";
				SWIFT_EMIT_LOC_STRINGS = NO;
				SWIFT_VERSION = 5.0;
				TARGETED_DEVICE_FAMILY = "1,2";
				TEST_HOST = "$(BUILT_PRODUCTS_DIR)/myBank.app/$(BUNDLE_EXECUTABLE_FOLDER_PATH)/myBank";
			};
			name = Release;
		};
/* End XCBuildConfiguration section */

/* Begin XCConfigurationList section */
		37103CE12A1CFFE5007E8F95 /* Build configuration list for PBXProject "myBank" */ = {
			isa = XCConfigurationList;
			buildConfigurations = (
				37103CF82A1CFFE6007E8F95 /* Debug */,
				37103CF92A1CFFE6007E8F95 /* Release */,
			);
			defaultConfigurationIsVisible = 0;
			defaultConfigurationName = Release;
		};
		37103CFA2A1CFFE6007E8F95 /* Build configuration list for PBXNativeTarget "myBank" */ = {
			isa = XCConfigurationList;
			buildConfigurations = (
				37103CFB2A1CFFE6007E8F95 /* Debug */,
				37103CFC2A1CFFE6007E8F95 /* Release */,
			);
			defaultConfigurationIsVisible = 0;
			defaultConfigurationName = Release;
		};
		376BC4642A2598AF001AD61E /* Build configuration list for PBXNativeTarget "myBankUnitTests" */ = {
			isa = XCConfigurationList;
			buildConfigurations = (
				376BC4652A2598AF001AD61E /* Debug */,
				376BC4662A2598AF001AD61E /* Release */,
			);
			defaultConfigurationIsVisible = 0;
			defaultConfigurationName = Release;
		};
/* End XCConfigurationList section */
	};
	rootObject = 37103CDE2A1CFFE5007E8F95 /* Project object */;
}
