// !$*UTF8*$!
{
	archiveVersion = 1;
	classes = {
	};
	objectVersion = 56;
	objects = {

/* Begin PBXBuildFile section */
		37103CEA2A1CFFE5007E8F95 /* AppDelegate.swift in Sources */ = {isa = PBXBuildFile; fileRef = 37103CE92A1CFFE5007E8F95 /* AppDelegate.swift */; };
		37103CEE2A1CFFE5007E8F95 /* LoginViewController.swift in Sources */ = {isa = PBXBuildFile; fileRef = 37103CED2A1CFFE5007E8F95 /* LoginViewController.swift */; };
		37103CF32A1CFFE6007E8F95 /* Assets.xcassets in Resources */ = {isa = PBXBuildFile; fileRef = 37103CF22A1CFFE6007E8F95 /* Assets.xcassets */; };
		37103CF62A1CFFE6007E8F95 /* LaunchScreen.storyboard in Resources */ = {isa = PBXBuildFile; fileRef = 37103CF42A1CFFE6007E8F95 /* LaunchScreen.storyboard */; };
		37103D012A1D0388007E8F95 /* LoginView.swift in Sources */ = {isa = PBXBuildFile; fileRef = 37103D002A1D0388007E8F95 /* LoginView.swift */; };
		374ABD512A227757009D1D49 /* OnboardingContainerViewController.swift in Sources */ = {isa = PBXBuildFile; fileRef = 374ABD502A227757009D1D49 /* OnboardingContainerViewController.swift */; };
/* End PBXBuildFile section */

/* Begin PBXFileReference section */
		37103CE62A1CFFE5007E8F95 /* myBank.app */ = {isa = PBXFileReference; explicitFileType = wrapper.application; includeInIndex = 0; path = myBank.app; sourceTree = BUILT_PRODUCTS_DIR; };
		37103CE92A1CFFE5007E8F95 /* AppDelegate.swift */ = {isa = PBXFileReference; lastKnownFileType = sourcecode.swift; path = AppDelegate.swift; sourceTree = "<group>"; };
		37103CED2A1CFFE5007E8F95 /* LoginViewController.swift */ = {isa = PBXFileReference; lastKnownFileType = sourcecode.swift; path = LoginViewController.swift; sourceTree = "<group>"; };
		37103CF22A1CFFE6007E8F95 /* Assets.xcassets */ = {isa = PBXFileReference; lastKnownFileType = folder.assetcatalog; path = Assets.xcassets; sourceTree = "<group>"; };
		37103CF52A1CFFE6007E8F95 /* Base */ = {isa = PBXFileReference; lastKnownFileType = file.storyboard; name = Base; path = Base.lproj/LaunchScreen.storyboard; sourceTree = "<group>"; };
		37103CF72A1CFFE6007E8F95 /* Info.plist */ = {isa = PBXFileReference; lastKnownFileType = text.plist.xml; path = Info.plist; sourceTree = "<group>"; };
		37103D002A1D0388007E8F95 /* LoginView.swift */ = {isa = PBXFileReference; lastKnownFileType = sourcecode.swift; path = LoginView.swift; sourceTree = "<group>"; };
		374ABD502A227757009D1D49 /* OnboardingContainerViewController.swift */ = {isa = PBXFileReference; lastKnownFileType = sourcecode.swift; path = OnboardingContainerViewController.swift; sourceTree = "<group>"; };
/* End PBXFileReference section */

/* Begin PBXFrameworksBuildPhase section */
		37103CE32A1CFFE5007E8F95 /* Frameworks */ = {
			isa = PBXFrameworksBuildPhase;
			buildActionMask = 2147483647;
			files = (
			);
			runOnlyForDeploymentPostprocessing = 0;
		};
/* End PBXFrameworksBuildPhase section */

/* Begin PBXGroup section */
		37103CDD2A1CFFE5007E8F95 = {
			isa = PBXGroup;
			children = (
				37103CE82A1CFFE5007E8F95 /* myBank */,
				37103CE72A1CFFE5007E8F95 /* Products */,
			);
			sourceTree = "<group>";
		};
		37103CE72A1CFFE5007E8F95 /* Products */ = {
			isa = PBXGroup;
			children = (
				37103CE62A1CFFE5007E8F95 /* myBank.app */,
			);
			name = Products;
			sourceTree = "<group>";
		};
		37103CE82A1CFFE5007E8F95 /* myBank */ = {
			isa = PBXGroup;
			children = (
				374ABD4F2A227648009D1D49 /* Onboarding */,
				37103CE92A1CFFE5007E8F95 /* AppDelegate.swift */,
				37103CFF2A1D0327007E8F95 /* Login */,
				37103CFD2A1D02B2007E8F95 /* Files */,
			);
			path = myBank;
			sourceTree = "<group>";
		};
		37103CFD2A1D02B2007E8F95 /* Files */ = {
			isa = PBXGroup;
			children = (
				37103CF22A1CFFE6007E8F95 /* Assets.xcassets */,
				37103CF42A1CFFE6007E8F95 /* LaunchScreen.storyboard */,
				37103CF72A1CFFE6007E8F95 /* Info.plist */,
			);
			name = Files;
			sourceTree = "<group>";
		};
		37103CFF2A1D0327007E8F95 /* Login */ = {
			isa = PBXGroup;
			children = (
				37103CED2A1CFFE5007E8F95 /* LoginViewController.swift */,
				37103D002A1D0388007E8F95 /* LoginView.swift */,
			);
			path = Login;
			sourceTree = "<group>";
		};
		374ABD4F2A227648009D1D49 /* Onboarding */ = {
			isa = PBXGroup;
			children = (
				374ABD502A227757009D1D49 /* OnboardingContainerViewController.swift */,
			);
			path = Onboarding;
			sourceTree = "<group>";
		};
/* End PBXGroup section */

/* Begin PBXNativeTarget section */
		37103CE52A1CFFE5007E8F95 /* myBank */ = {
			isa = PBXNativeTarget;
			buildConfigurationList = 37103CFA2A1CFFE6007E8F95 /* Build configuration list for PBXNativeTarget "myBank" */;
			buildPhases = (
				37103CE22A1CFFE5007E8F95 /* Sources */,
				37103CE32A1CFFE5007E8F95 /* Frameworks */,
				37103CE42A1CFFE5007E8F95 /* Resources */,
			);
			buildRules = (
			);
			dependencies = (
			);
			name = myBank;
			productName = myBank;
			productReference = 37103CE62A1CFFE5007E8F95 /* myBank.app */;
			productType = "com.apple.product-type.application";
		};
/* End PBXNativeTarget section */

/* Begin PBXProject section */
		37103CDE2A1CFFE5007E8F95 /* Project object */ = {
			isa = PBXProject;
			attributes = {
				BuildIndependentTargetsInParallel = 1;
				LastSwiftUpdateCheck = 1430;
				LastUpgradeCheck = 1430;
				TargetAttributes = {
					37103CE52A1CFFE5007E8F95 = {
						CreatedOnToolsVersion = 14.3;
					};
				};
			};
			buildConfigurationList = 37103CE12A1CFFE5007E8F95 /* Build configuration list for PBXProject "myBank" */;
			compatibilityVersion = "Xcode 14.0";
			developmentRegion = en;
			hasScannedForEncodings = 0;
			knownRegions = (
				en,
				Base,
			);
			mainGroup = 37103CDD2A1CFFE5007E8F95;
			productRefGroup = 37103CE72A1CFFE5007E8F95 /* Products */;
			projectDirPath = "";
			projectRoot = "";
			targets = (
				37103CE52A1CFFE5007E8F95 /* myBank */,
			);
		};
/* End PBXProject section */

/* Begin PBXResourcesBuildPhase section */
		37103CE42A1CFFE5007E8F95 /* Resources */ = {
			isa = PBXResourcesBuildPhase;
			buildActionMask = 2147483647;
			files = (
				37103CF62A1CFFE6007E8F95 /* LaunchScreen.storyboard in Resources */,
				37103CF32A1CFFE6007E8F95 /* Assets.xcassets in Resources */,
			);
			runOnlyForDeploymentPostprocessing = 0;
		};
/* End PBXResourcesBuildPhase section */

/* Begin PBXSourcesBuildPhase section */
		37103CE22A1CFFE5007E8F95 /* Sources */ = {
			isa = PBXSourcesBuildPhase;
			buildActionMask = 2147483647;
			files = (
				37103D012A1D0388007E8F95 /* LoginView.swift in Sources */,
				37103CEE2A1CFFE5007E8F95 /* LoginViewController.swift in Sources */,
				37103CEA2A1CFFE5007E8F95 /* AppDelegate.swift in Sources */,
				374ABD512A227757009D1D49 /* OnboardingContainerViewController.swift in Sources */,
			);
			runOnlyForDeploymentPostprocessing = 0;
		};
/* End PBXSourcesBuildPhase section */

/* Begin PBXVariantGroup section */
		37103CF42A1CFFE6007E8F95 /* LaunchScreen.storyboard */ = {
			isa = PBXVariantGroup;
			children = (
				37103CF52A1CFFE6007E8F95 /* Base */,
			);
			name = LaunchScreen.storyboard;
			sourceTree = "<group>";
		};
/* End PBXVariantGroup section */

/* Begin XCBuildConfiguration section */
		37103CF82A1CFFE6007E8F95 /* Debug */ = {
			isa = XCBuildConfiguration;
			buildSettings = {
				ALWAYS_SEARCH_USER_PATHS = NO;
				CLANG_ANALYZER_NONNULL = YES;
				CLANG_ANALYZER_NUMBER_OBJECT_CONVERSION = YES_AGGRESSIVE;
				CLANG_CXX_LANGUAGE_STANDARD = "gnu++20";
				CLANG_ENABLE_MODULES = YES;
				CLANG_ENABLE_OBJC_ARC = YES;
				CLANG_ENABLE_OBJC_WEAK = YES;
				CLANG_WARN_BLOCK_CAPTURE_AUTORELEASING = YES;
				CLANG_WARN_BOOL_CONVERSION = YES;
				CLANG_WARN_COMMA = YES;
				CLANG_WARN_CONSTANT_CONVERSION = YES;
				CLANG_WARN_DEPRECATED_OBJC_IMPLEMENTATIONS = YES;
				CLANG_WARN_DIRECT_OBJC_ISA_USAGE = YES_ERROR;
				CLANG_WARN_DOCUMENTATION_COMMENTS = YES;
				CLANG_WARN_EMPTY_BODY = YES;
				CLANG_WARN_ENUM_CONVERSION = YES;
				CLANG_WARN_INFINITE_RECURSION = YES;
				CLANG_WARN_INT_CONVERSION = YES;
				CLANG_WARN_NON_LITERAL_NULL_CONVERSION = YES;
				CLANG_WARN_OBJC_IMPLICIT_RETAIN_SELF = YES;
				CLANG_WARN_OBJC_LITERAL_CONVERSION = YES;
				CLANG_WARN_OBJC_ROOT_CLASS = YES_ERROR;
				CLANG_WARN_QUOTED_INCLUDE_IN_FRAMEWORK_HEADER = YES;
				CLANG_WARN_RANGE_LOOP_ANALYSIS = YES;
				CLANG_WARN_STRICT_PROTOTYPES = YES;
				CLANG_WARN_SUSPICIOUS_MOVE = YES;
				CLANG_WARN_UNGUARDED_AVAILABILITY = YES_AGGRESSIVE;
				CLANG_WARN_UNREACHABLE_CODE = YES;
				CLANG_WARN__DUPLICATE_METHOD_MATCH = YES;
				COPY_PHASE_STRIP = NO;
				DEBUG_INFORMATION_FORMAT = dwarf;
				ENABLE_STRICT_OBJC_MSGSEND = YES;
				ENABLE_TESTABILITY = YES;
				GCC_C_LANGUAGE_STANDARD = gnu11;
				GCC_DYNAMIC_NO_PIC = NO;
				GCC_NO_COMMON_BLOCKS = YES;
				GCC_OPTIMIZATION_LEVEL = 0;
				GCC_PREPROCESSOR_DEFINITIONS = (
					"DEBUG=1",
					"$(inherited)",
				);
				GCC_WARN_64_TO_32_BIT_CONVERSION = YES;
				GCC_WARN_ABOUT_RETURN_TYPE = YES_ERROR;
				GCC_WARN_UNDECLARED_SELECTOR = YES;
				GCC_WARN_UNINITIALIZED_AUTOS = YES_AGGRESSIVE;
				GCC_WARN_UNUSED_FUNCTION = YES;
				GCC_WARN_UNUSED_VARIABLE = YES;
				IPHONEOS_DEPLOYMENT_TARGET = 16.4;
				MTL_ENABLE_DEBUG_INFO = INCLUDE_SOURCE;
				MTL_FAST_MATH = YES;
				ONLY_ACTIVE_ARCH = YES;
				SDKROOT = iphoneos;
				SWIFT_ACTIVE_COMPILATION_CONDITIONS = DEBUG;
				SWIFT_OPTIMIZATION_LEVEL = "-Onone";
			};
			name = Debug;
		};
		37103CF92A1CFFE6007E8F95 /* Release */ = {
			isa = XCBuildConfiguration;
			buildSettings = {
				ALWAYS_SEARCH_USER_PATHS = NO;
				CLANG_ANALYZER_NONNULL = YES;
				CLANG_ANALYZER_NUMBER_OBJECT_CONVERSION = YES_AGGRESSIVE;
				CLANG_CXX_LANGUAGE_STANDARD = "gnu++20";
				CLANG_ENABLE_MODULES = YES;
				CLANG_ENABLE_OBJC_ARC = YES;
				CLANG_ENABLE_OBJC_WEAK = YES;
				CLANG_WARN_BLOCK_CAPTURE_AUTORELEASING = YES;
				CLANG_WARN_BOOL_CONVERSION = YES;
				CLANG_WARN_COMMA = YES;
				CLANG_WARN_CONSTANT_CONVERSION = YES;
				CLANG_WARN_DEPRECATED_OBJC_IMPLEMENTATIONS = YES;
				CLANG_WARN_DIRECT_OBJC_ISA_USAGE = YES_ERROR;
				CLANG_WARN_DOCUMENTATION_COMMENTS = YES;
				CLANG_WARN_EMPTY_BODY = YES;
				CLANG_WARN_ENUM_CONVERSION = YES;
				CLANG_WARN_INFINITE_RECURSION = YES;
				CLANG_WARN_INT_CONVERSION = YES;
				CLANG_WARN_NON_LITERAL_NULL_CONVERSION = YES;
				CLANG_WARN_OBJC_IMPLICIT_RETAIN_SELF = YES;
				CLANG_WARN_OBJC_LITERAL_CONVERSION = YES;
				CLANG_WARN_OBJC_ROOT_CLASS = YES_ERROR;
				CLANG_WARN_QUOTED_INCLUDE_IN_FRAMEWORK_HEADER = YES;
				CLANG_WARN_RANGE_LOOP_ANALYSIS = YES;
				CLANG_WARN_STRICT_PROTOTYPES = YES;
				CLANG_WARN_SUSPICIOUS_MOVE = YES;
				CLANG_WARN_UNGUARDED_AVAILABILITY = YES_AGGRESSIVE;
				CLANG_WARN_UNREACHABLE_CODE = YES;
				CLANG_WARN__DUPLICATE_METHOD_MATCH = YES;
				COPY_PHASE_STRIP = NO;
				DEBUG_INFORMATION_FORMAT = "dwarf-with-dsym";
				ENABLE_NS_ASSERTIONS = NO;
				ENABLE_STRICT_OBJC_MSGSEND = YES;
				GCC_C_LANGUAGE_STANDARD = gnu11;
				GCC_NO_COMMON_BLOCKS = YES;
				GCC_WARN_64_TO_32_BIT_CONVERSION = YES;
				GCC_WARN_ABOUT_RETURN_TYPE = YES_ERROR;
				GCC_WARN_UNDECLARED_SELECTOR = YES;
				GCC_WARN_UNINITIALIZED_AUTOS = YES_AGGRESSIVE;
				GCC_WARN_UNUSED_FUNCTION = YES;
				GCC_WARN_UNUSED_VARIABLE = YES;
				IPHONEOS_DEPLOYMENT_TARGET = 16.4;
				MTL_ENABLE_DEBUG_INFO = NO;
				MTL_FAST_MATH = YES;
				SDKROOT = iphoneos;
				SWIFT_COMPILATION_MODE = wholemodule;
				SWIFT_OPTIMIZATION_LEVEL = "-O";
				VALIDATE_PRODUCT = YES;
			};
			name = Release;
		};
		37103CFB2A1CFFE6007E8F95 /* Debug */ = {
			isa = XCBuildConfiguration;
			buildSettings = {
				ASSETCATALOG_COMPILER_APPICON_NAME = AppIcon;
				ASSETCATALOG_COMPILER_GLOBAL_ACCENT_COLOR_NAME = AccentColor;
				CODE_SIGN_STYLE = Automatic;
				CURRENT_PROJECT_VERSION = 1;
				DEVELOPMENT_TEAM = RLTH2MTG7Z;
				GENERATE_INFOPLIST_FILE = YES;
				INFOPLIST_FILE = myBank/Info.plist;
				INFOPLIST_KEY_UIApplicationSupportsIndirectInputEvents = YES;
				INFOPLIST_KEY_UILaunchStoryboardName = LaunchScreen;
				INFOPLIST_KEY_UISupportedInterfaceOrientations_iPad = "UIInterfaceOrientationPortrait UIInterfaceOrientationPortraitUpsideDown UIInterfaceOrientationLandscapeLeft UIInterfaceOrientationLandscapeRight";
				INFOPLIST_KEY_UISupportedInterfaceOrientations_iPhone = "UIInterfaceOrientationPortrait UIInterfaceOrientationLandscapeLeft UIInterfaceOrientationLandscapeRight";
				LD_RUNPATH_SEARCH_PATHS = (
					"$(inherited)",
					"@executable_path/Frameworks",
				);
				MARKETING_VERSION = 1.0;
				PRODUCT_BUNDLE_IDENTIFIER = winnibear12.myBank;
				PRODUCT_NAME = "$(TARGET_NAME)";
				SWIFT_EMIT_LOC_STRINGS = YES;
				SWIFT_VERSION = 5.0;
				TARGETED_DEVICE_FAMILY = "1,2";
			};
			name = Debug;
		};
		37103CFC2A1CFFE6007E8F95 /* Release */ = {
			isa = XCBuildConfiguration;
			buildSettings = {
				ASSETCATALOG_COMPILER_APPICON_NAME = AppIcon;
				ASSETCATALOG_COMPILER_GLOBAL_ACCENT_COLOR_NAME = AccentColor;
				CODE_SIGN_STYLE = Automatic;
				CURRENT_PROJECT_VERSION = 1;
				DEVELOPMENT_TEAM = RLTH2MTG7Z;
				GENERATE_INFOPLIST_FILE = YES;
				INFOPLIST_FILE = myBank/Info.plist;
				INFOPLIST_KEY_UIApplicationSupportsIndirectInputEvents = YES;
				INFOPLIST_KEY_UILaunchStoryboardName = LaunchScreen;
				INFOPLIST_KEY_UISupportedInterfaceOrientations_iPad = "UIInterfaceOrientationPortrait UIInterfaceOrientationPortraitUpsideDown UIInterfaceOrientationLandscapeLeft UIInterfaceOrientationLandscapeRight";
				INFOPLIST_KEY_UISupportedInterfaceOrientations_iPhone = "UIInterfaceOrientationPortrait UIInterfaceOrientationLandscapeLeft UIInterfaceOrientationLandscapeRight";
				LD_RUNPATH_SEARCH_PATHS = (
					"$(inherited)",
					"@executable_path/Frameworks",
				);
				MARKETING_VERSION = 1.0;
				PRODUCT_BUNDLE_IDENTIFIER = winnibear12.myBank;
				PRODUCT_NAME = "$(TARGET_NAME)";
				SWIFT_EMIT_LOC_STRINGS = YES;
				SWIFT_VERSION = 5.0;
				TARGETED_DEVICE_FAMILY = "1,2";
			};
			name = Release;
		};
/* End XCBuildConfiguration section */

/* Begin XCConfigurationList section */
		37103CE12A1CFFE5007E8F95 /* Build configuration list for PBXProject "myBank" */ = {
			isa = XCConfigurationList;
			buildConfigurations = (
				37103CF82A1CFFE6007E8F95 /* Debug */,
				37103CF92A1CFFE6007E8F95 /* Release */,
			);
			defaultConfigurationIsVisible = 0;
			defaultConfigurationName = Release;
		};
		37103CFA2A1CFFE6007E8F95 /* Build configuration list for PBXNativeTarget "myBank" */ = {
			isa = XCConfigurationList;
			buildConfigurations = (
				37103CFB2A1CFFE6007E8F95 /* Debug */,
				37103CFC2A1CFFE6007E8F95 /* Release */,
			);
			defaultConfigurationIsVisible = 0;
			defaultConfigurationName = Release;
		};
/* End XCConfigurationList section */
	};
	rootObject = 37103CDE2A1CFFE5007E8F95 /* Project object */;
}
